
Microsoft Visual Studio Solution File, Format Version 12.00
# Visual Studio Version 17
VisualStudioVersion = 17.5.33424.131
MinimumVisualStudioVersion = 10.0.40219.1
Project("{9A19103F-16F7-4668-BE54-9A1E7A4F7556}") = "Beporsoft.TabularSheets", "src\Beporsoft.TabularSheets\Beporsoft.TabularSheets.csproj", "{ABE175EA-AB84-4B28-B5A3-744B769C64B9}"
EndProject
Project("{2150E333-8FDC-42A3-9474-1A3956D46DE8}") = "Samples", "Samples", "{071D5DB8-B1F0-47D3-97B5-D92F50F61821}"
EndProject
Project("{9A19103F-16F7-4668-BE54-9A1E7A4F7556}") = "Beporsoft.TabularSheets.Samples.RestCountries", "samples\Beporsoft.TabularSheets.Samples.RestCountries\Beporsoft.TabularSheets.Samples.RestCountries.csproj", "{FD5148B6-E1AF-4E67-8C63-87C9F460F27A}"
EndProject
Project("{FAE04EC0-301F-11D3-BF4B-00C04F79EFBC}") = "Beporsoft.TabularSheets.Samples.CurrencyExchange", "samples\Beporsoft.TabularSheets.Samples.CurrencyExchange\Beporsoft.TabularSheets.Samples.CurrencyExchange.csproj", "{EF2BD8B8-9FE2-4885-8FD7-22DC1EC53D5F}"
EndProject
Project("{2150E333-8FDC-42A3-9474-1A3956D46DE8}") = "Tools", "Tools", "{B0DA1617-C191-4EAB-89D1-ECA6BDC645ED}"
EndProject
Project("{9A19103F-16F7-4668-BE54-9A1E7A4F7556}") = "Beporsoft.TabularSheets.Tools.OpenXmlDecompressor", "tools\Beporsoft.TabularSheets.Tools.OpenXmlDecompressor\Beporsoft.TabularSheets.Tools.OpenXmlDecompressor.csproj", "{7BC64278-45A0-407C-8CBE-9E4BCB09E3DD}"
EndProject
Project("{9A19103F-16F7-4668-BE54-9A1E7A4F7556}") = "Beporsoft.TabularSheets.Test", "test\Beporsoft.TabularSheets.Test\Beporsoft.TabularSheets.Test.csproj", "{3446A210-5668-4CEF-897F-287A34F80621}"
EndProject
Global
	GlobalSection(SolutionConfigurationPlatforms) = preSolution
		Debug|Any CPU = Debug|Any CPU
		Release|Any CPU = Release|Any CPU
	EndGlobalSection
	GlobalSection(ProjectConfigurationPlatforms) = postSolution
		{ABE175EA-AB84-4B28-B5A3-744B769C64B9}.Debug|Any CPU.ActiveCfg = Debug|Any CPU
		{ABE175EA-AB84-4B28-B5A3-744B769C64B9}.Debug|Any CPU.Build.0 = Debug|Any CPU
		{ABE175EA-AB84-4B28-B5A3-744B769C64B9}.Release|Any CPU.ActiveCfg = Release|Any CPU
		{ABE175EA-AB84-4B28-B5A3-744B769C64B9}.Release|Any CPU.Build.0 = Release|Any CPU
		{FD5148B6-E1AF-4E67-8C63-87C9F460F27A}.Debug|Any CPU.ActiveCfg = Debug|Any CPU
		{FD5148B6-E1AF-4E67-8C63-87C9F460F27A}.Debug|Any CPU.Build.0 = Debug|Any CPU
		{FD5148B6-E1AF-4E67-8C63-87C9F460F27A}.Release|Any CPU.ActiveCfg = Release|Any CPU
		{FD5148B6-E1AF-4E67-8C63-87C9F460F27A}.Release|Any CPU.Build.0 = Release|Any CPU
		{EF2BD8B8-9FE2-4885-8FD7-22DC1EC53D5F}.Debug|Any CPU.ActiveCfg = Debug|Any CPU
		{EF2BD8B8-9FE2-4885-8FD7-22DC1EC53D5F}.Debug|Any CPU.Build.0 = Debug|Any CPU
		{EF2BD8B8-9FE2-4885-8FD7-22DC1EC53D5F}.Release|Any CPU.ActiveCfg = Release|Any CPU
		{EF2BD8B8-9FE2-4885-8FD7-22DC1EC53D5F}.Release|Any CPU.Build.0 = Release|Any CPU
		{7BC64278-45A0-407C-8CBE-9E4BCB09E3DD}.Debug|Any CPU.ActiveCfg = Debug|Any CPU
		{7BC64278-45A0-407C-8CBE-9E4BCB09E3DD}.Debug|Any CPU.Build.0 = Debug|Any CPU
		{7BC64278-45A0-407C-8CBE-9E4BCB09E3DD}.Release|Any CPU.ActiveCfg = Release|Any CPU
		{7BC64278-45A0-407C-8CBE-9E4BCB09E3DD}.Release|Any CPU.Build.0 = Release|Any CPU
		{3446A210-5668-4CEF-897F-287A34F80621}.Debug|Any CPU.ActiveCfg = Debug|Any CPU
		{3446A210-5668-4CEF-897F-287A34F80621}.Debug|Any CPU.Build.0 = Debug|Any CPU
		{3446A210-5668-4CEF-897F-287A34F80621}.Release|Any CPU.ActiveCfg = Release|Any CPU
		{3446A210-5668-4CEF-897F-287A34F80621}.Release|Any CPU.Build.0 = Release|Any CPU
	EndGlobalSection
	GlobalSection(SolutionProperties) = preSolution
		HideSolutionNode = FALSE
	EndGlobalSection
	GlobalSection(NestedProjects) = preSolution
		{FD5148B6-E1AF-4E67-8C63-87C9F460F27A} = {071D5DB8-B1F0-47D3-97B5-D92F50F61821}
		{EF2BD8B8-9FE2-4885-8FD7-22DC1EC53D5F} = {071D5DB8-B1F0-47D3-97B5-D92F50F61821}
		{7BC64278-45A0-407C-8CBE-9E4BCB09E3DD} = {B0DA1617-C191-4EAB-89D1-ECA6BDC645ED}
	EndGlobalSection
	GlobalSection(ExtensibilityGlobals) = postSolution
		SolutionGuid = {B053202D-461B-4719-99BC-BDE4CAFF5AE5}
	EndGlobalSection
EndGlobal
